
Microsoft Visual Studio Solution File, Format Version 12.00
# Visual Studio 15
VisualStudioVersion = 15.0.28010.2019
MinimumVisualStudioVersion = 10.0.40219.1
Project("{FAE04EC0-301F-11D3-BF4B-00C04F79EFBC}") = "Homework 1", "Homework 1\Homework 1.csproj", "{27D7DCB9-6188-4FB6-A1F8-9A76B3816F37}"
EndProject
Global
	GlobalSection(SolutionConfigurationPlatforms) = preSolution
		Debug|Any CPU = Debug|Any CPU
		Release|Any CPU = Release|Any CPU
	EndGlobalSection
	GlobalSection(ProjectConfigurationPlatforms) = postSolution
		{27D7DCB9-6188-4FB6-A1F8-9A76B3816F37}.Debug|Any CPU.ActiveCfg = Debug|Any CPU
		{27D7DCB9-6188-4FB6-A1F8-9A76B3816F37}.Debug|Any CPU.Build.0 = Debug|Any CPU
		{27D7DCB9-6188-4FB6-A1F8-9A76B3816F37}.Release|Any CPU.ActiveCfg = Release|Any CPU
		{27D7DCB9-6188-4FB6-A1F8-9A76B3816F37}.Release|Any CPU.Build.0 = Release|Any CPU
	EndGlobalSection
	GlobalSection(SolutionProperties) = preSolution
		HideSolutionNode = FALSE
	EndGlobalSection
	GlobalSection(ExtensibilityGlobals) = postSolution
		SolutionGuid = {B67BDAE7-6CFB-4C07-AD04-E07E5DF2B587}
	EndGlobalSection
EndGlobal
