
Microsoft Visual Studio Solution File, Format Version 12.00
# Visual Studio 15
VisualStudioVersion = 15.0.28010.2019
MinimumVisualStudioVersion = 10.0.40219.1
Project("{FAE04EC0-301F-11D3-BF4B-00C04F79EFBC}") = "Homework 4", "Homework 4\Homework 4.csproj", "{66D62A0C-B989-4AFA-8B17-27AEB9557492}"
EndProject
Global
	GlobalSection(SolutionConfigurationPlatforms) = preSolution
		Debug|Any CPU = Debug|Any CPU
		Release|Any CPU = Release|Any CPU
	EndGlobalSection
	GlobalSection(ProjectConfigurationPlatforms) = postSolution
		{66D62A0C-B989-4AFA-8B17-27AEB9557492}.Debug|Any CPU.ActiveCfg = Debug|Any CPU
		{66D62A0C-B989-4AFA-8B17-27AEB9557492}.Debug|Any CPU.Build.0 = Debug|Any CPU
		{66D62A0C-B989-4AFA-8B17-27AEB9557492}.Release|Any CPU.ActiveCfg = Release|Any CPU
		{66D62A0C-B989-4AFA-8B17-27AEB9557492}.Release|Any CPU.Build.0 = Release|Any CPU
	EndGlobalSection
	GlobalSection(SolutionProperties) = preSolution
		HideSolutionNode = FALSE
	EndGlobalSection
	GlobalSection(ExtensibilityGlobals) = postSolution
		SolutionGuid = {3F61E743-32F4-432C-AE1C-3F915F57A945}
	EndGlobalSection
EndGlobal
